
Microsoft Visual Studio Solution File, Format Version 12.00
# Visual Studio 15
VisualStudioVersion = 15.0.28307.1082
MinimumVisualStudioVersion = 10.0.40219.1
Project("{FAE04EC0-301F-11D3-BF4B-00C04F79EFBC}") = "Presentacion", "Presentacion\Presentacion.csproj", "{AAF148CB-ED6A-4680-B45E-4AA4B78BCAC6}"
EndProject
Project("{FAE04EC0-301F-11D3-BF4B-00C04F79EFBC}") = "Datos", "Datos\Datos.csproj", "{C4E810CA-8C58-426E-A068-D52F0C7C1079}"
EndProject
Project("{FAE04EC0-301F-11D3-BF4B-00C04F79EFBC}") = "Entidades", "Entidades\Entidades.csproj", "{50F24973-9EBD-44E0-96D8-709B31A66299}"
EndProject
Project("{FAE04EC0-301F-11D3-BF4B-00C04F79EFBC}") = "Negocio", "Negocio\Negocio.csproj", "{1880A257-18C6-49E7-9D45-76B37BC31EE4}"
EndProject
Global
	GlobalSection(SolutionConfigurationPlatforms) = preSolution
		Debug|Any CPU = Debug|Any CPU
		Release|Any CPU = Release|Any CPU
	EndGlobalSection
	GlobalSection(ProjectConfigurationPlatforms) = postSolution
		{AAF148CB-ED6A-4680-B45E-4AA4B78BCAC6}.Debug|Any CPU.ActiveCfg = Debug|Any CPU
		{AAF148CB-ED6A-4680-B45E-4AA4B78BCAC6}.Debug|Any CPU.Build.0 = Debug|Any CPU
		{AAF148CB-ED6A-4680-B45E-4AA4B78BCAC6}.Release|Any CPU.ActiveCfg = Release|Any CPU
		{AAF148CB-ED6A-4680-B45E-4AA4B78BCAC6}.Release|Any CPU.Build.0 = Release|Any CPU
		{C4E810CA-8C58-426E-A068-D52F0C7C1079}.Debug|Any CPU.ActiveCfg = Debug|Any CPU
		{C4E810CA-8C58-426E-A068-D52F0C7C1079}.Debug|Any CPU.Build.0 = Debug|Any CPU
		{C4E810CA-8C58-426E-A068-D52F0C7C1079}.Release|Any CPU.ActiveCfg = Release|Any CPU
		{C4E810CA-8C58-426E-A068-D52F0C7C1079}.Release|Any CPU.Build.0 = Release|Any CPU
		{50F24973-9EBD-44E0-96D8-709B31A66299}.Debug|Any CPU.ActiveCfg = Debug|Any CPU
		{50F24973-9EBD-44E0-96D8-709B31A66299}.Debug|Any CPU.Build.0 = Debug|Any CPU
		{50F24973-9EBD-44E0-96D8-709B31A66299}.Release|Any CPU.ActiveCfg = Release|Any CPU
		{50F24973-9EBD-44E0-96D8-709B31A66299}.Release|Any CPU.Build.0 = Release|Any CPU
		{1880A257-18C6-49E7-9D45-76B37BC31EE4}.Debug|Any CPU.ActiveCfg = Debug|Any CPU
		{1880A257-18C6-49E7-9D45-76B37BC31EE4}.Debug|Any CPU.Build.0 = Debug|Any CPU
		{1880A257-18C6-49E7-9D45-76B37BC31EE4}.Release|Any CPU.ActiveCfg = Release|Any CPU
		{1880A257-18C6-49E7-9D45-76B37BC31EE4}.Release|Any CPU.Build.0 = Release|Any CPU
	EndGlobalSection
	GlobalSection(SolutionProperties) = preSolution
		HideSolutionNode = FALSE
	EndGlobalSection
	GlobalSection(ExtensibilityGlobals) = postSolution
		SolutionGuid = {C3C8E37C-BE8B-40C9-806B-3C98ECEAD041}
	EndGlobalSection
EndGlobal
